
Microsoft Visual Studio Solution File, Format Version 12.00
# Visual Studio 15
VisualStudioVersion = 15.0.28010.2036
MinimumVisualStudioVersion = 10.0.40219.1
Project("{8BC9CEB8-8B4A-11D0-8D11-00A0C91BC942}") = "20181002 int", "20181002 변수자료형\20181002 변수자료형.vcxproj", "{3D5642D0-10DD-4499-93CE-0A426E2C1607}"
EndProject
Project("{8BC9CEB8-8B4A-11D0-8D11-00A0C91BC942}") = "20180911  hello world", "20180911  hello world\20180911  hello world.vcxproj", "{8DB7B3B9-3BC9-4AF1-8FB8-BDC3E1007EE5}"
EndProject
Project("{8BC9CEB8-8B4A-11D0-8D11-00A0C91BC942}") = "20180911 hello2", "20180911 hello2\20180911 hello2.vcxproj", "{F381C9F6-493E-4D27-9A92-C20627C068D9}"
EndProject
Project("{8BC9CEB8-8B4A-11D0-8D11-00A0C91BC942}") = "HW-1", "HW-1\HW-1.vcxproj", "{D72F145A-B048-48CD-8542-E686C7139154}"
EndProject
Project("{8BC9CEB8-8B4A-11D0-8D11-00A0C91BC942}") = "HW-2", "HW-2\HW-2.vcxproj", "{DBB668ED-B058-4F12-845C-DD71B21D2F98}"
EndProject
Project("{8BC9CEB8-8B4A-11D0-8D11-00A0C91BC942}") = "HW-3", "HW-3\HW-3.vcxproj", "{BB5424FD-9042-4649-ABDB-A6BD2C571B28}"
EndProject
Project("{8BC9CEB8-8B4A-11D0-8D11-00A0C91BC942}") = "HW-4", "HW-4\HW-4.vcxproj", "{030CCA49-80CA-46CA-8299-26B161DFB587}"
EndProject
Project("{8BC9CEB8-8B4A-11D0-8D11-00A0C91BC942}") = "HW-5", "HW-5\HW-5.vcxproj", "{AFDD185A-2CCF-4CEB-A51C-D3BE6F363107}"
EndProject
Project("{8BC9CEB8-8B4A-11D0-8D11-00A0C91BC942}") = "20181016 TT", "20181016 조건\20181016 조건.vcxproj", "{35F1261C-1F81-418F-9E6A-F3F190BEAA5E}"
EndProject
Project("{8BC9CEB8-8B4A-11D0-8D11-00A0C91BC942}") = "HW2-1", "HW2-1\HW2-1.vcxproj", "{92B87A4F-D464-45E2-A3AA-B422AB0761B4}"
EndProject
Project("{8BC9CEB8-8B4A-11D0-8D11-00A0C91BC942}") = "HW2-2", "HW2-2\HW2-2.vcxproj", "{A7054B5C-9DFC-4638-8907-D9540A65E252}"
EndProject
Project("{8BC9CEB8-8B4A-11D0-8D11-00A0C91BC942}") = "HW2-3", "HW2-3\HW2-3.vcxproj", "{FB90E0E6-9F4F-452B-A8AA-F49A3F763118}"
EndProject
Project("{8BC9CEB8-8B4A-11D0-8D11-00A0C91BC942}") = "HW2-4", "HW2-4\HW2-4.vcxproj", "{B8DA312D-0700-4654-B295-37E9C619DC6F}"
EndProject
Project("{8BC9CEB8-8B4A-11D0-8D11-00A0C91BC942}") = "HW2-5", "HW2-5\HW2-5.vcxproj", "{07E4ED27-C85E-49D8-9A69-08A6F844A074}"
EndProject
Project("{8BC9CEB8-8B4A-11D0-8D11-00A0C91BC942}") = "HW2-6", "HW2-6\HW2-6.vcxproj", "{6FB059E8-C946-4CB9-9DF2-ADFF1CC49050}"
EndProject
Project("{8BC9CEB8-8B4A-11D0-8D11-00A0C91BC942}") = "HW2-7", "HW2-7\HW2-7.vcxproj", "{09641C34-57BF-4235-8D0F-74A7213310E2}"
EndProject
Project("{8BC9CEB8-8B4A-11D0-8D11-00A0C91BC942}") = "HW2-8", "HW2-8\HW2-8.vcxproj", "{B149F7D4-7642-415D-BEEF-6CF42C3B90BC}"
EndProject
Project("{8BC9CEB8-8B4A-11D0-8D11-00A0C91BC942}") = "HW2-9", "HW2-9\HW2-9.vcxproj", "{D997C8B1-FD21-4752-9AAF-547781EC0F9F}"
EndProject
Project("{8BC9CEB8-8B4A-11D0-8D11-00A0C91BC942}") = "HW2-10", "HW2-10\HW2-10.vcxproj", "{E273970F-C37A-478E-8924-80F0527881AB}"
EndProject
Project("{8BC9CEB8-8B4A-11D0-8D11-00A0C91BC942}") = "HW2-11", "HW2-11\HW2-11.vcxproj", "{FDB7BA5A-754A-48D0-8A70-9C7E1534CD19}"
EndProject
Project("{8BC9CEB8-8B4A-11D0-8D11-00A0C91BC942}") = "HW2-12", "HW2-12\HW2-12.vcxproj", "{4940AAB7-DC47-4F48-BB3E-8DBA413E300A}"
EndProject
Project("{8BC9CEB8-8B4A-11D0-8D11-00A0C91BC942}") = "HW2-13", "HW2-13\HW2-13.vcxproj", "{1A1AC1BC-3B0F-490C-96A8-E7A8EA6B8A7D}"
EndProject
Project("{8BC9CEB8-8B4A-11D0-8D11-00A0C91BC942}") = "HW2-14", "HW2-14\HW2-14.vcxproj", "{E893B962-A13A-448A-93D7-7321F12BDA87}"
EndProject
Project("{8BC9CEB8-8B4A-11D0-8D11-00A0C91BC942}") = "HW2-15", "HW2-15\HW2-15.vcxproj", "{91AF305C-CA02-4AE9-A80B-EDD51550633F}"
EndProject
Project("{8BC9CEB8-8B4A-11D0-8D11-00A0C91BC942}") = "HW2-16", "HW2-16\HW2-16.vcxproj", "{05D41320-AE10-4D8E-BFE8-176E297B0125}"
EndProject
Project("{8BC9CEB8-8B4A-11D0-8D11-00A0C91BC942}") = "HW2-17", "HW2-17\HW2-17.vcxproj", "{C169D9D3-A9F3-4012-BCEE-BD970376E7D3}"
EndProject
Project("{8BC9CEB8-8B4A-11D0-8D11-00A0C91BC942}") = "HW2-18", "HW2-18\HW2-18.vcxproj", "{060F5F30-B52F-4C80-B07B-945472BC4C6D}"
EndProject
Project("{8BC9CEB8-8B4A-11D0-8D11-00A0C91BC942}") = "HW2-19", "HW2-19\HW2-19.vcxproj", "{B3B4C994-F52A-4E9F-AC55-9C962ADD723F}"
EndProject
Project("{8BC9CEB8-8B4A-11D0-8D11-00A0C91BC942}") = "HW2-20", "HW2-20\HW2-20.vcxproj", "{2AAF022B-F54D-4391-B168-943822D0A6FC}"
EndProject
Project("{8BC9CEB8-8B4A-11D0-8D11-00A0C91BC942}") = "HW2-21", "HW2-21\HW2-21.vcxproj", "{1387A21C-8C76-4B30-827D-8E9F7032D345}"
EndProject
Project("{8BC9CEB8-8B4A-11D0-8D11-00A0C91BC942}") = "HW2-22", "HW2-22\HW2-22.vcxproj", "{8D4BFABB-25B2-46E2-BA61-CC784260ACA2}"
EndProject
Project("{8BC9CEB8-8B4A-11D0-8D11-00A0C91BC942}") = "HW2-23", "HW2-23\HW2-23.vcxproj", "{960C4385-AE70-4956-9762-FF6D7C685B4D}"
EndProject
Project("{8BC9CEB8-8B4A-11D0-8D11-00A0C91BC942}") = "HW2-24", "HW2-24\HW2-24.vcxproj", "{D7242B0E-AD9E-4961-8F4E-039DAC4801FC}"
EndProject
Project("{8BC9CEB8-8B4A-11D0-8D11-00A0C91BC942}") = "HW2-25", "HW2-25\HW2-25.vcxproj", "{8CC392AC-13E9-46A3-BBB5-F5F3017ABC3F}"
EndProject
Global
	GlobalSection(SolutionConfigurationPlatforms) = preSolution
		Debug|Win32 = Debug|Win32
		Debug|x64 = Debug|x64
		Release|Win32 = Release|Win32
		Release|x64 = Release|x64
	EndGlobalSection
	GlobalSection(ProjectConfigurationPlatforms) = postSolution
		{3D5642D0-10DD-4499-93CE-0A426E2C1607}.Debug|Win32.ActiveCfg = Debug|Win32
		{3D5642D0-10DD-4499-93CE-0A426E2C1607}.Debug|Win32.Build.0 = Debug|Win32
		{3D5642D0-10DD-4499-93CE-0A426E2C1607}.Debug|x64.ActiveCfg = Debug|Win32
		{3D5642D0-10DD-4499-93CE-0A426E2C1607}.Release|Win32.ActiveCfg = Release|Win32
		{3D5642D0-10DD-4499-93CE-0A426E2C1607}.Release|Win32.Build.0 = Release|Win32
		{3D5642D0-10DD-4499-93CE-0A426E2C1607}.Release|x64.ActiveCfg = Release|Win32
		{8DB7B3B9-3BC9-4AF1-8FB8-BDC3E1007EE5}.Debug|Win32.ActiveCfg = Debug|Win32
		{8DB7B3B9-3BC9-4AF1-8FB8-BDC3E1007EE5}.Debug|Win32.Build.0 = Debug|Win32
		{8DB7B3B9-3BC9-4AF1-8FB8-BDC3E1007EE5}.Debug|x64.ActiveCfg = Debug|Win32
		{8DB7B3B9-3BC9-4AF1-8FB8-BDC3E1007EE5}.Release|Win32.ActiveCfg = Release|Win32
		{8DB7B3B9-3BC9-4AF1-8FB8-BDC3E1007EE5}.Release|Win32.Build.0 = Release|Win32
		{8DB7B3B9-3BC9-4AF1-8FB8-BDC3E1007EE5}.Release|x64.ActiveCfg = Release|Win32
		{F381C9F6-493E-4D27-9A92-C20627C068D9}.Debug|Win32.ActiveCfg = Debug|Win32
		{F381C9F6-493E-4D27-9A92-C20627C068D9}.Debug|Win32.Build.0 = Debug|Win32
		{F381C9F6-493E-4D27-9A92-C20627C068D9}.Debug|x64.ActiveCfg = Debug|Win32
		{F381C9F6-493E-4D27-9A92-C20627C068D9}.Release|Win32.ActiveCfg = Release|Win32
		{F381C9F6-493E-4D27-9A92-C20627C068D9}.Release|Win32.Build.0 = Release|Win32
		{F381C9F6-493E-4D27-9A92-C20627C068D9}.Release|x64.ActiveCfg = Release|Win32
		{D72F145A-B048-48CD-8542-E686C7139154}.Debug|Win32.ActiveCfg = Debug|Win32
		{D72F145A-B048-48CD-8542-E686C7139154}.Debug|Win32.Build.0 = Debug|Win32
		{D72F145A-B048-48CD-8542-E686C7139154}.Debug|x64.ActiveCfg = Debug|x64
		{D72F145A-B048-48CD-8542-E686C7139154}.Debug|x64.Build.0 = Debug|x64
		{D72F145A-B048-48CD-8542-E686C7139154}.Release|Win32.ActiveCfg = Release|Win32
		{D72F145A-B048-48CD-8542-E686C7139154}.Release|Win32.Build.0 = Release|Win32
		{D72F145A-B048-48CD-8542-E686C7139154}.Release|x64.ActiveCfg = Release|x64
		{D72F145A-B048-48CD-8542-E686C7139154}.Release|x64.Build.0 = Release|x64
		{DBB668ED-B058-4F12-845C-DD71B21D2F98}.Debug|Win32.ActiveCfg = Debug|Win32
		{DBB668ED-B058-4F12-845C-DD71B21D2F98}.Debug|Win32.Build.0 = Debug|Win32
		{DBB668ED-B058-4F12-845C-DD71B21D2F98}.Debug|x64.ActiveCfg = Debug|x64
		{DBB668ED-B058-4F12-845C-DD71B21D2F98}.Debug|x64.Build.0 = Debug|x64
		{DBB668ED-B058-4F12-845C-DD71B21D2F98}.Release|Win32.ActiveCfg = Release|Win32
		{DBB668ED-B058-4F12-845C-DD71B21D2F98}.Release|Win32.Build.0 = Release|Win32
		{DBB668ED-B058-4F12-845C-DD71B21D2F98}.Release|x64.ActiveCfg = Release|x64
		{DBB668ED-B058-4F12-845C-DD71B21D2F98}.Release|x64.Build.0 = Release|x64
		{BB5424FD-9042-4649-ABDB-A6BD2C571B28}.Debug|Win32.ActiveCfg = Debug|Win32
		{BB5424FD-9042-4649-ABDB-A6BD2C571B28}.Debug|Win32.Build.0 = Debug|Win32
		{BB5424FD-9042-4649-ABDB-A6BD2C571B28}.Debug|x64.ActiveCfg = Debug|x64
		{BB5424FD-9042-4649-ABDB-A6BD2C571B28}.Debug|x64.Build.0 = Debug|x64
		{BB5424FD-9042-4649-ABDB-A6BD2C571B28}.Release|Win32.ActiveCfg = Release|Win32
		{BB5424FD-9042-4649-ABDB-A6BD2C571B28}.Release|Win32.Build.0 = Release|Win32
		{BB5424FD-9042-4649-ABDB-A6BD2C571B28}.Release|x64.ActiveCfg = Release|x64
		{BB5424FD-9042-4649-ABDB-A6BD2C571B28}.Release|x64.Build.0 = Release|x64
		{030CCA49-80CA-46CA-8299-26B161DFB587}.Debug|Win32.ActiveCfg = Debug|Win32
		{030CCA49-80CA-46CA-8299-26B161DFB587}.Debug|Win32.Build.0 = Debug|Win32
		{030CCA49-80CA-46CA-8299-26B161DFB587}.Debug|x64.ActiveCfg = Debug|x64
		{030CCA49-80CA-46CA-8299-26B161DFB587}.Debug|x64.Build.0 = Debug|x64
		{030CCA49-80CA-46CA-8299-26B161DFB587}.Release|Win32.ActiveCfg = Release|Win32
		{030CCA49-80CA-46CA-8299-26B161DFB587}.Release|Win32.Build.0 = Release|Win32
		{030CCA49-80CA-46CA-8299-26B161DFB587}.Release|x64.ActiveCfg = Release|x64
		{030CCA49-80CA-46CA-8299-26B161DFB587}.Release|x64.Build.0 = Release|x64
		{AFDD185A-2CCF-4CEB-A51C-D3BE6F363107}.Debug|Win32.ActiveCfg = Debug|Win32
		{AFDD185A-2CCF-4CEB-A51C-D3BE6F363107}.Debug|Win32.Build.0 = Debug|Win32
		{AFDD185A-2CCF-4CEB-A51C-D3BE6F363107}.Debug|x64.ActiveCfg = Debug|x64
		{AFDD185A-2CCF-4CEB-A51C-D3BE6F363107}.Debug|x64.Build.0 = Debug|x64
		{AFDD185A-2CCF-4CEB-A51C-D3BE6F363107}.Release|Win32.ActiveCfg = Release|Win32
		{AFDD185A-2CCF-4CEB-A51C-D3BE6F363107}.Release|Win32.Build.0 = Release|Win32
		{AFDD185A-2CCF-4CEB-A51C-D3BE6F363107}.Release|x64.ActiveCfg = Release|x64
		{AFDD185A-2CCF-4CEB-A51C-D3BE6F363107}.Release|x64.Build.0 = Release|x64
		{35F1261C-1F81-418F-9E6A-F3F190BEAA5E}.Debug|Win32.ActiveCfg = Debug|Win32
		{35F1261C-1F81-418F-9E6A-F3F190BEAA5E}.Debug|Win32.Build.0 = Debug|Win32
		{35F1261C-1F81-418F-9E6A-F3F190BEAA5E}.Debug|x64.ActiveCfg = Debug|x64
		{35F1261C-1F81-418F-9E6A-F3F190BEAA5E}.Debug|x64.Build.0 = Debug|x64
		{35F1261C-1F81-418F-9E6A-F3F190BEAA5E}.Release|Win32.ActiveCfg = Release|Win32
		{35F1261C-1F81-418F-9E6A-F3F190BEAA5E}.Release|Win32.Build.0 = Release|Win32
		{35F1261C-1F81-418F-9E6A-F3F190BEAA5E}.Release|x64.ActiveCfg = Release|x64
		{35F1261C-1F81-418F-9E6A-F3F190BEAA5E}.Release|x64.Build.0 = Release|x64
		{92B87A4F-D464-45E2-A3AA-B422AB0761B4}.Debug|Win32.ActiveCfg = Debug|Win32
		{92B87A4F-D464-45E2-A3AA-B422AB0761B4}.Debug|Win32.Build.0 = Debug|Win32
		{92B87A4F-D464-45E2-A3AA-B422AB0761B4}.Debug|x64.ActiveCfg = Debug|x64
		{92B87A4F-D464-45E2-A3AA-B422AB0761B4}.Debug|x64.Build.0 = Debug|x64
		{92B87A4F-D464-45E2-A3AA-B422AB0761B4}.Release|Win32.ActiveCfg = Release|Win32
		{92B87A4F-D464-45E2-A3AA-B422AB0761B4}.Release|Win32.Build.0 = Release|Win32
		{92B87A4F-D464-45E2-A3AA-B422AB0761B4}.Release|x64.ActiveCfg = Release|x64
		{92B87A4F-D464-45E2-A3AA-B422AB0761B4}.Release|x64.Build.0 = Release|x64
		{A7054B5C-9DFC-4638-8907-D9540A65E252}.Debug|Win32.ActiveCfg = Debug|Win32
		{A7054B5C-9DFC-4638-8907-D9540A65E252}.Debug|Win32.Build.0 = Debug|Win32
		{A7054B5C-9DFC-4638-8907-D9540A65E252}.Debug|x64.ActiveCfg = Debug|x64
		{A7054B5C-9DFC-4638-8907-D9540A65E252}.Debug|x64.Build.0 = Debug|x64
		{A7054B5C-9DFC-4638-8907-D9540A65E252}.Release|Win32.ActiveCfg = Release|Win32
		{A7054B5C-9DFC-4638-8907-D9540A65E252}.Release|Win32.Build.0 = Release|Win32
		{A7054B5C-9DFC-4638-8907-D9540A65E252}.Release|x64.ActiveCfg = Release|x64
		{A7054B5C-9DFC-4638-8907-D9540A65E252}.Release|x64.Build.0 = Release|x64
		{FB90E0E6-9F4F-452B-A8AA-F49A3F763118}.Debug|Win32.ActiveCfg = Debug|Win32
		{FB90E0E6-9F4F-452B-A8AA-F49A3F763118}.Debug|Win32.Build.0 = Debug|Win32
		{FB90E0E6-9F4F-452B-A8AA-F49A3F763118}.Debug|x64.ActiveCfg = Debug|x64
		{FB90E0E6-9F4F-452B-A8AA-F49A3F763118}.Debug|x64.Build.0 = Debug|x64
		{FB90E0E6-9F4F-452B-A8AA-F49A3F763118}.Release|Win32.ActiveCfg = Release|Win32
		{FB90E0E6-9F4F-452B-A8AA-F49A3F763118}.Release|Win32.Build.0 = Release|Win32
		{FB90E0E6-9F4F-452B-A8AA-F49A3F763118}.Release|x64.ActiveCfg = Release|x64
		{FB90E0E6-9F4F-452B-A8AA-F49A3F763118}.Release|x64.Build.0 = Release|x64
		{B8DA312D-0700-4654-B295-37E9C619DC6F}.Debug|Win32.ActiveCfg = Debug|Win32
		{B8DA312D-0700-4654-B295-37E9C619DC6F}.Debug|Win32.Build.0 = Debug|Win32
		{B8DA312D-0700-4654-B295-37E9C619DC6F}.Debug|x64.ActiveCfg = Debug|x64
		{B8DA312D-0700-4654-B295-37E9C619DC6F}.Debug|x64.Build.0 = Debug|x64
		{B8DA312D-0700-4654-B295-37E9C619DC6F}.Release|Win32.ActiveCfg = Release|Win32
		{B8DA312D-0700-4654-B295-37E9C619DC6F}.Release|Win32.Build.0 = Release|Win32
		{B8DA312D-0700-4654-B295-37E9C619DC6F}.Release|x64.ActiveCfg = Release|x64
		{B8DA312D-0700-4654-B295-37E9C619DC6F}.Release|x64.Build.0 = Release|x64
		{07E4ED27-C85E-49D8-9A69-08A6F844A074}.Debug|Win32.ActiveCfg = Debug|Win32
		{07E4ED27-C85E-49D8-9A69-08A6F844A074}.Debug|Win32.Build.0 = Debug|Win32
		{07E4ED27-C85E-49D8-9A69-08A6F844A074}.Debug|x64.ActiveCfg = Debug|x64
		{07E4ED27-C85E-49D8-9A69-08A6F844A074}.Debug|x64.Build.0 = Debug|x64
		{07E4ED27-C85E-49D8-9A69-08A6F844A074}.Release|Win32.ActiveCfg = Release|Win32
		{07E4ED27-C85E-49D8-9A69-08A6F844A074}.Release|Win32.Build.0 = Release|Win32
		{07E4ED27-C85E-49D8-9A69-08A6F844A074}.Release|x64.ActiveCfg = Release|x64
		{07E4ED27-C85E-49D8-9A69-08A6F844A074}.Release|x64.Build.0 = Release|x64
		{6FB059E8-C946-4CB9-9DF2-ADFF1CC49050}.Debug|Win32.ActiveCfg = Debug|Win32
		{6FB059E8-C946-4CB9-9DF2-ADFF1CC49050}.Debug|Win32.Build.0 = Debug|Win32
		{6FB059E8-C946-4CB9-9DF2-ADFF1CC49050}.Debug|x64.ActiveCfg = Debug|x64
		{6FB059E8-C946-4CB9-9DF2-ADFF1CC49050}.Debug|x64.Build.0 = Debug|x64
		{6FB059E8-C946-4CB9-9DF2-ADFF1CC49050}.Release|Win32.ActiveCfg = Release|Win32
		{6FB059E8-C946-4CB9-9DF2-ADFF1CC49050}.Release|Win32.Build.0 = Release|Win32
		{6FB059E8-C946-4CB9-9DF2-ADFF1CC49050}.Release|x64.ActiveCfg = Release|x64
		{6FB059E8-C946-4CB9-9DF2-ADFF1CC49050}.Release|x64.Build.0 = Release|x64
		{09641C34-57BF-4235-8D0F-74A7213310E2}.Debug|Win32.ActiveCfg = Debug|Win32
		{09641C34-57BF-4235-8D0F-74A7213310E2}.Debug|Win32.Build.0 = Debug|Win32
		{09641C34-57BF-4235-8D0F-74A7213310E2}.Debug|x64.ActiveCfg = Debug|x64
		{09641C34-57BF-4235-8D0F-74A7213310E2}.Debug|x64.Build.0 = Debug|x64
		{09641C34-57BF-4235-8D0F-74A7213310E2}.Release|Win32.ActiveCfg = Release|Win32
		{09641C34-57BF-4235-8D0F-74A7213310E2}.Release|Win32.Build.0 = Release|Win32
		{09641C34-57BF-4235-8D0F-74A7213310E2}.Release|x64.ActiveCfg = Release|x64
		{09641C34-57BF-4235-8D0F-74A7213310E2}.Release|x64.Build.0 = Release|x64
		{B149F7D4-7642-415D-BEEF-6CF42C3B90BC}.Debug|Win32.ActiveCfg = Debug|Win32
		{B149F7D4-7642-415D-BEEF-6CF42C3B90BC}.Debug|Win32.Build.0 = Debug|Win32
		{B149F7D4-7642-415D-BEEF-6CF42C3B90BC}.Debug|x64.ActiveCfg = Debug|x64
		{B149F7D4-7642-415D-BEEF-6CF42C3B90BC}.Debug|x64.Build.0 = Debug|x64
		{B149F7D4-7642-415D-BEEF-6CF42C3B90BC}.Release|Win32.ActiveCfg = Release|Win32
		{B149F7D4-7642-415D-BEEF-6CF42C3B90BC}.Release|Win32.Build.0 = Release|Win32
		{B149F7D4-7642-415D-BEEF-6CF42C3B90BC}.Release|x64.ActiveCfg = Release|x64
		{B149F7D4-7642-415D-BEEF-6CF42C3B90BC}.Release|x64.Build.0 = Release|x64
		{D997C8B1-FD21-4752-9AAF-547781EC0F9F}.Debug|Win32.ActiveCfg = Debug|Win32
		{D997C8B1-FD21-4752-9AAF-547781EC0F9F}.Debug|Win32.Build.0 = Debug|Win32
		{D997C8B1-FD21-4752-9AAF-547781EC0F9F}.Debug|x64.ActiveCfg = Debug|x64
		{D997C8B1-FD21-4752-9AAF-547781EC0F9F}.Debug|x64.Build.0 = Debug|x64
		{D997C8B1-FD21-4752-9AAF-547781EC0F9F}.Release|Win32.ActiveCfg = Release|Win32
		{D997C8B1-FD21-4752-9AAF-547781EC0F9F}.Release|Win32.Build.0 = Release|Win32
		{D997C8B1-FD21-4752-9AAF-547781EC0F9F}.Release|x64.ActiveCfg = Release|x64
		{D997C8B1-FD21-4752-9AAF-547781EC0F9F}.Release|x64.Build.0 = Release|x64
		{E273970F-C37A-478E-8924-80F0527881AB}.Debug|Win32.ActiveCfg = Debug|Win32
		{E273970F-C37A-478E-8924-80F0527881AB}.Debug|Win32.Build.0 = Debug|Win32
		{E273970F-C37A-478E-8924-80F0527881AB}.Debug|x64.ActiveCfg = Debug|x64
		{E273970F-C37A-478E-8924-80F0527881AB}.Debug|x64.Build.0 = Debug|x64
		{E273970F-C37A-478E-8924-80F0527881AB}.Release|Win32.ActiveCfg = Release|Win32
		{E273970F-C37A-478E-8924-80F0527881AB}.Release|Win32.Build.0 = Release|Win32
		{E273970F-C37A-478E-8924-80F0527881AB}.Release|x64.ActiveCfg = Release|x64
		{E273970F-C37A-478E-8924-80F0527881AB}.Release|x64.Build.0 = Release|x64
		{FDB7BA5A-754A-48D0-8A70-9C7E1534CD19}.Debug|Win32.ActiveCfg = Debug|Win32
		{FDB7BA5A-754A-48D0-8A70-9C7E1534CD19}.Debug|Win32.Build.0 = Debug|Win32
		{FDB7BA5A-754A-48D0-8A70-9C7E1534CD19}.Debug|x64.ActiveCfg = Debug|x64
		{FDB7BA5A-754A-48D0-8A70-9C7E1534CD19}.Debug|x64.Build.0 = Debug|x64
		{FDB7BA5A-754A-48D0-8A70-9C7E1534CD19}.Release|Win32.ActiveCfg = Release|Win32
		{FDB7BA5A-754A-48D0-8A70-9C7E1534CD19}.Release|Win32.Build.0 = Release|Win32
		{FDB7BA5A-754A-48D0-8A70-9C7E1534CD19}.Release|x64.ActiveCfg = Release|x64
		{FDB7BA5A-754A-48D0-8A70-9C7E1534CD19}.Release|x64.Build.0 = Release|x64
		{4940AAB7-DC47-4F48-BB3E-8DBA413E300A}.Debug|Win32.ActiveCfg = Debug|Win32
		{4940AAB7-DC47-4F48-BB3E-8DBA413E300A}.Debug|Win32.Build.0 = Debug|Win32
		{4940AAB7-DC47-4F48-BB3E-8DBA413E300A}.Debug|x64.ActiveCfg = Debug|x64
		{4940AAB7-DC47-4F48-BB3E-8DBA413E300A}.Debug|x64.Build.0 = Debug|x64
		{4940AAB7-DC47-4F48-BB3E-8DBA413E300A}.Release|Win32.ActiveCfg = Release|Win32
		{4940AAB7-DC47-4F48-BB3E-8DBA413E300A}.Release|Win32.Build.0 = Release|Win32
		{4940AAB7-DC47-4F48-BB3E-8DBA413E300A}.Release|x64.ActiveCfg = Release|x64
		{4940AAB7-DC47-4F48-BB3E-8DBA413E300A}.Release|x64.Build.0 = Release|x64
		{1A1AC1BC-3B0F-490C-96A8-E7A8EA6B8A7D}.Debug|Win32.ActiveCfg = Debug|Win32
		{1A1AC1BC-3B0F-490C-96A8-E7A8EA6B8A7D}.Debug|Win32.Build.0 = Debug|Win32
		{1A1AC1BC-3B0F-490C-96A8-E7A8EA6B8A7D}.Debug|x64.ActiveCfg = Debug|x64
		{1A1AC1BC-3B0F-490C-96A8-E7A8EA6B8A7D}.Debug|x64.Build.0 = Debug|x64
		{1A1AC1BC-3B0F-490C-96A8-E7A8EA6B8A7D}.Release|Win32.ActiveCfg = Release|Win32
		{1A1AC1BC-3B0F-490C-96A8-E7A8EA6B8A7D}.Release|Win32.Build.0 = Release|Win32
		{1A1AC1BC-3B0F-490C-96A8-E7A8EA6B8A7D}.Release|x64.ActiveCfg = Release|x64
		{1A1AC1BC-3B0F-490C-96A8-E7A8EA6B8A7D}.Release|x64.Build.0 = Release|x64
		{E893B962-A13A-448A-93D7-7321F12BDA87}.Debug|Win32.ActiveCfg = Debug|Win32
		{E893B962-A13A-448A-93D7-7321F12BDA87}.Debug|Win32.Build.0 = Debug|Win32
		{E893B962-A13A-448A-93D7-7321F12BDA87}.Debug|x64.ActiveCfg = Debug|x64
		{E893B962-A13A-448A-93D7-7321F12BDA87}.Debug|x64.Build.0 = Debug|x64
		{E893B962-A13A-448A-93D7-7321F12BDA87}.Release|Win32.ActiveCfg = Release|Win32
		{E893B962-A13A-448A-93D7-7321F12BDA87}.Release|Win32.Build.0 = Release|Win32
		{E893B962-A13A-448A-93D7-7321F12BDA87}.Release|x64.ActiveCfg = Release|x64
		{E893B962-A13A-448A-93D7-7321F12BDA87}.Release|x64.Build.0 = Release|x64
		{91AF305C-CA02-4AE9-A80B-EDD51550633F}.Debug|Win32.ActiveCfg = Debug|Win32
		{91AF305C-CA02-4AE9-A80B-EDD51550633F}.Debug|Win32.Build.0 = Debug|Win32
		{91AF305C-CA02-4AE9-A80B-EDD51550633F}.Debug|x64.ActiveCfg = Debug|x64
		{91AF305C-CA02-4AE9-A80B-EDD51550633F}.Debug|x64.Build.0 = Debug|x64
		{91AF305C-CA02-4AE9-A80B-EDD51550633F}.Release|Win32.ActiveCfg = Release|Win32
		{91AF305C-CA02-4AE9-A80B-EDD51550633F}.Release|Win32.Build.0 = Release|Win32
		{91AF305C-CA02-4AE9-A80B-EDD51550633F}.Release|x64.ActiveCfg = Release|x64
		{91AF305C-CA02-4AE9-A80B-EDD51550633F}.Release|x64.Build.0 = Release|x64
		{05D41320-AE10-4D8E-BFE8-176E297B0125}.Debug|Win32.ActiveCfg = Debug|Win32
		{05D41320-AE10-4D8E-BFE8-176E297B0125}.Debug|Win32.Build.0 = Debug|Win32
		{05D41320-AE10-4D8E-BFE8-176E297B0125}.Debug|x64.ActiveCfg = Debug|x64
		{05D41320-AE10-4D8E-BFE8-176E297B0125}.Debug|x64.Build.0 = Debug|x64
		{05D41320-AE10-4D8E-BFE8-176E297B0125}.Release|Win32.ActiveCfg = Release|Win32
		{05D41320-AE10-4D8E-BFE8-176E297B0125}.Release|Win32.Build.0 = Release|Win32
		{05D41320-AE10-4D8E-BFE8-176E297B0125}.Release|x64.ActiveCfg = Release|x64
		{05D41320-AE10-4D8E-BFE8-176E297B0125}.Release|x64.Build.0 = Release|x64
		{C169D9D3-A9F3-4012-BCEE-BD970376E7D3}.Debug|Win32.ActiveCfg = Debug|Win32
		{C169D9D3-A9F3-4012-BCEE-BD970376E7D3}.Debug|Win32.Build.0 = Debug|Win32
		{C169D9D3-A9F3-4012-BCEE-BD970376E7D3}.Debug|x64.ActiveCfg = Debug|x64
		{C169D9D3-A9F3-4012-BCEE-BD970376E7D3}.Debug|x64.Build.0 = Debug|x64
		{C169D9D3-A9F3-4012-BCEE-BD970376E7D3}.Release|Win32.ActiveCfg = Release|Win32
		{C169D9D3-A9F3-4012-BCEE-BD970376E7D3}.Release|Win32.Build.0 = Release|Win32
		{C169D9D3-A9F3-4012-BCEE-BD970376E7D3}.Release|x64.ActiveCfg = Release|x64
		{C169D9D3-A9F3-4012-BCEE-BD970376E7D3}.Release|x64.Build.0 = Release|x64
		{060F5F30-B52F-4C80-B07B-945472BC4C6D}.Debug|Win32.ActiveCfg = Debug|Win32
		{060F5F30-B52F-4C80-B07B-945472BC4C6D}.Debug|Win32.Build.0 = Debug|Win32
		{060F5F30-B52F-4C80-B07B-945472BC4C6D}.Debug|x64.ActiveCfg = Debug|x64
		{060F5F30-B52F-4C80-B07B-945472BC4C6D}.Debug|x64.Build.0 = Debug|x64
		{060F5F30-B52F-4C80-B07B-945472BC4C6D}.Release|Win32.ActiveCfg = Release|Win32
		{060F5F30-B52F-4C80-B07B-945472BC4C6D}.Release|Win32.Build.0 = Release|Win32
		{060F5F30-B52F-4C80-B07B-945472BC4C6D}.Release|x64.ActiveCfg = Release|x64
		{060F5F30-B52F-4C80-B07B-945472BC4C6D}.Release|x64.Build.0 = Release|x64
		{B3B4C994-F52A-4E9F-AC55-9C962ADD723F}.Debug|Win32.ActiveCfg = Debug|Win32
		{B3B4C994-F52A-4E9F-AC55-9C962ADD723F}.Debug|Win32.Build.0 = Debug|Win32
		{B3B4C994-F52A-4E9F-AC55-9C962ADD723F}.Debug|x64.ActiveCfg = Debug|x64
		{B3B4C994-F52A-4E9F-AC55-9C962ADD723F}.Debug|x64.Build.0 = Debug|x64
		{B3B4C994-F52A-4E9F-AC55-9C962ADD723F}.Release|Win32.ActiveCfg = Release|Win32
		{B3B4C994-F52A-4E9F-AC55-9C962ADD723F}.Release|Win32.Build.0 = Release|Win32
		{B3B4C994-F52A-4E9F-AC55-9C962ADD723F}.Release|x64.ActiveCfg = Release|x64
		{B3B4C994-F52A-4E9F-AC55-9C962ADD723F}.Release|x64.Build.0 = Release|x64
		{2AAF022B-F54D-4391-B168-943822D0A6FC}.Debug|Win32.ActiveCfg = Debug|Win32
		{2AAF022B-F54D-4391-B168-943822D0A6FC}.Debug|Win32.Build.0 = Debug|Win32
		{2AAF022B-F54D-4391-B168-943822D0A6FC}.Debug|x64.ActiveCfg = Debug|x64
		{2AAF022B-F54D-4391-B168-943822D0A6FC}.Debug|x64.Build.0 = Debug|x64
		{2AAF022B-F54D-4391-B168-943822D0A6FC}.Release|Win32.ActiveCfg = Release|Win32
		{2AAF022B-F54D-4391-B168-943822D0A6FC}.Release|Win32.Build.0 = Release|Win32
		{2AAF022B-F54D-4391-B168-943822D0A6FC}.Release|x64.ActiveCfg = Release|x64
		{2AAF022B-F54D-4391-B168-943822D0A6FC}.Release|x64.Build.0 = Release|x64
		{1387A21C-8C76-4B30-827D-8E9F7032D345}.Debug|Win32.ActiveCfg = Debug|Win32
		{1387A21C-8C76-4B30-827D-8E9F7032D345}.Debug|Win32.Build.0 = Debug|Win32
		{1387A21C-8C76-4B30-827D-8E9F7032D345}.Debug|x64.ActiveCfg = Debug|x64
		{1387A21C-8C76-4B30-827D-8E9F7032D345}.Debug|x64.Build.0 = Debug|x64
		{1387A21C-8C76-4B30-827D-8E9F7032D345}.Release|Win32.ActiveCfg = Release|Win32
		{1387A21C-8C76-4B30-827D-8E9F7032D345}.Release|Win32.Build.0 = Release|Win32
		{1387A21C-8C76-4B30-827D-8E9F7032D345}.Release|x64.ActiveCfg = Release|x64
		{1387A21C-8C76-4B30-827D-8E9F7032D345}.Release|x64.Build.0 = Release|x64
		{8D4BFABB-25B2-46E2-BA61-CC784260ACA2}.Debug|Win32.ActiveCfg = Debug|Win32
		{8D4BFABB-25B2-46E2-BA61-CC784260ACA2}.Debug|Win32.Build.0 = Debug|Win32
		{8D4BFABB-25B2-46E2-BA61-CC784260ACA2}.Debug|x64.ActiveCfg = Debug|x64
		{8D4BFABB-25B2-46E2-BA61-CC784260ACA2}.Debug|x64.Build.0 = Debug|x64
		{8D4BFABB-25B2-46E2-BA61-CC784260ACA2}.Release|Win32.ActiveCfg = Release|Win32
		{8D4BFABB-25B2-46E2-BA61-CC784260ACA2}.Release|Win32.Build.0 = Release|Win32
		{8D4BFABB-25B2-46E2-BA61-CC784260ACA2}.Release|x64.ActiveCfg = Release|x64
		{8D4BFABB-25B2-46E2-BA61-CC784260ACA2}.Release|x64.Build.0 = Release|x64
		{960C4385-AE70-4956-9762-FF6D7C685B4D}.Debug|Win32.ActiveCfg = Debug|Win32
		{960C4385-AE70-4956-9762-FF6D7C685B4D}.Debug|Win32.Build.0 = Debug|Win32
		{960C4385-AE70-4956-9762-FF6D7C685B4D}.Debug|x64.ActiveCfg = Debug|x64
		{960C4385-AE70-4956-9762-FF6D7C685B4D}.Debug|x64.Build.0 = Debug|x64
		{960C4385-AE70-4956-9762-FF6D7C685B4D}.Release|Win32.ActiveCfg = Release|Win32
		{960C4385-AE70-4956-9762-FF6D7C685B4D}.Release|Win32.Build.0 = Release|Win32
		{960C4385-AE70-4956-9762-FF6D7C685B4D}.Release|x64.ActiveCfg = Release|x64
		{960C4385-AE70-4956-9762-FF6D7C685B4D}.Release|x64.Build.0 = Release|x64
		{D7242B0E-AD9E-4961-8F4E-039DAC4801FC}.Debug|Win32.ActiveCfg = Debug|Win32
		{D7242B0E-AD9E-4961-8F4E-039DAC4801FC}.Debug|Win32.Build.0 = Debug|Win32
		{D7242B0E-AD9E-4961-8F4E-039DAC4801FC}.Debug|x64.ActiveCfg = Debug|x64
		{D7242B0E-AD9E-4961-8F4E-039DAC4801FC}.Debug|x64.Build.0 = Debug|x64
		{D7242B0E-AD9E-4961-8F4E-039DAC4801FC}.Release|Win32.ActiveCfg = Release|Win32
		{D7242B0E-AD9E-4961-8F4E-039DAC4801FC}.Release|Win32.Build.0 = Release|Win32
		{D7242B0E-AD9E-4961-8F4E-039DAC4801FC}.Release|x64.ActiveCfg = Release|x64
		{D7242B0E-AD9E-4961-8F4E-039DAC4801FC}.Release|x64.Build.0 = Release|x64
		{8CC392AC-13E9-46A3-BBB5-F5F3017ABC3F}.Debug|Win32.ActiveCfg = Debug|Win32
		{8CC392AC-13E9-46A3-BBB5-F5F3017ABC3F}.Debug|Win32.Build.0 = Debug|Win32
		{8CC392AC-13E9-46A3-BBB5-F5F3017ABC3F}.Debug|x64.ActiveCfg = Debug|x64
		{8CC392AC-13E9-46A3-BBB5-F5F3017ABC3F}.Debug|x64.Build.0 = Debug|x64
		{8CC392AC-13E9-46A3-BBB5-F5F3017ABC3F}.Release|Win32.ActiveCfg = Release|Win32
		{8CC392AC-13E9-46A3-BBB5-F5F3017ABC3F}.Release|Win32.Build.0 = Release|Win32
		{8CC392AC-13E9-46A3-BBB5-F5F3017ABC3F}.Release|x64.ActiveCfg = Release|x64
		{8CC392AC-13E9-46A3-BBB5-F5F3017ABC3F}.Release|x64.Build.0 = Release|x64
	EndGlobalSection
	GlobalSection(SolutionProperties) = preSolution
		HideSolutionNode = FALSE
	EndGlobalSection
	GlobalSection(ExtensibilityGlobals) = postSolution
		SolutionGuid = {3BA1DDA1-77AB-4296-8DCE-2EE28EB2A507}
	EndGlobalSection
EndGlobal
